
Microsoft Visual Studio Solution File, Format Version 12.00
# Visual Studio Version 16
VisualStudioVersion = 16.0.30413.136
MinimumVisualStudioVersion = 10.0.40219.1
Project("{FAE04EC0-301F-11D3-BF4B-00C04F79EFBC}") = "win_shutdown", "win_shutdown.csproj", "{F6E4993A-45C7-4F37-ADA1-A2D597CA4242}"
EndProject
Global
	GlobalSection(SolutionConfigurationPlatforms) = preSolution
		Debug|Any CPU = Debug|Any CPU
		Release|Any CPU = Release|Any CPU
	EndGlobalSection
	GlobalSection(ProjectConfigurationPlatforms) = postSolution
		{F6E4993A-45C7-4F37-ADA1-A2D597CA4242}.Debug|Any CPU.ActiveCfg = Debug|Any CPU
		{F6E4993A-45C7-4F37-ADA1-A2D597CA4242}.Debug|Any CPU.Build.0 = Debug|Any CPU
		{F6E4993A-45C7-4F37-ADA1-A2D597CA4242}.Release|Any CPU.ActiveCfg = Release|Any CPU
		{F6E4993A-45C7-4F37-ADA1-A2D597CA4242}.Release|Any CPU.Build.0 = Release|Any CPU
	EndGlobalSection
	GlobalSection(SolutionProperties) = preSolution
		HideSolutionNode = FALSE
	EndGlobalSection
	GlobalSection(ExtensibilityGlobals) = postSolution
		SolutionGuid = {208F9374-DE1E-44AF-8A35-63C14F1C20CE}
	EndGlobalSection
EndGlobal
